
Microsoft Visual Studio Solution File, Format Version 12.00
# Visual Studio Version 17
VisualStudioVersion = 17.4.33122.133
MinimumVisualStudioVersion = 10.0.40219.1
Project("{FAE04EC0-301F-11D3-BF4B-00C04F79EFBC}") = "FindWednesdayOf2023.ConsoleApp", "FindWednesdayOf2023.ConsoleApp\FindWednesdayOf2023.ConsoleApp.csproj", "{2521198B-43D6-4191-BC0C-EE69A44C80AA}"
EndProject
Global
	GlobalSection(SolutionConfigurationPlatforms) = preSolution
		Debug|Any CPU = Debug|Any CPU
		Release|Any CPU = Release|Any CPU
	EndGlobalSection
	GlobalSection(ProjectConfigurationPlatforms) = postSolution
		{2521198B-43D6-4191-BC0C-EE69A44C80AA}.Debug|Any CPU.ActiveCfg = Debug|Any CPU
		{2521198B-43D6-4191-BC0C-EE69A44C80AA}.Debug|Any CPU.Build.0 = Debug|Any CPU
		{2521198B-43D6-4191-BC0C-EE69A44C80AA}.Release|Any CPU.ActiveCfg = Release|Any CPU
		{2521198B-43D6-4191-BC0C-EE69A44C80AA}.Release|Any CPU.Build.0 = Release|Any CPU
	EndGlobalSection
	GlobalSection(SolutionProperties) = preSolution
		HideSolutionNode = FALSE
	EndGlobalSection
	GlobalSection(ExtensibilityGlobals) = postSolution
		SolutionGuid = {C37BFDC7-76A1-4ECE-B656-6D479CD349E6}
	EndGlobalSection
EndGlobal
